
Microsoft Visual Studio Solution File, Format Version 12.00
# Visual Studio Version 17
VisualStudioVersion = 17.9.34622.214
MinimumVisualStudioVersion = 10.0.40219.1
Project("{FAE04EC0-301F-11D3-BF4B-00C04F79EFBC}") = "GrechMotorsPrd.Server", "GrechMotorsPrd\Server\GrechMotorsPrd.Server.csproj", "{BCC4F5B2-150F-423F-AB5B-AE1845A85DFE}"
EndProject
Project("{FAE04EC0-301F-11D3-BF4B-00C04F79EFBC}") = "GrechMotorsPrd.Client", "GrechMotorsPrd\Client\GrechMotorsPrd.Client.csproj", "{66396195-3491-4A24-8F95-42B6FB5FA27F}"
EndProject
Project("{FAE04EC0-301F-11D3-BF4B-00C04F79EFBC}") = "GrechMotorsPrd.Shared", "GrechMotorsPrd\Shared\GrechMotorsPrd.Shared.csproj", "{70DEB16E-8C27-426A-94DD-209F415C9140}"
EndProject
Global
	GlobalSection(SolutionConfigurationPlatforms) = preSolution
		Debug|Any CPU = Debug|Any CPU
		Release|Any CPU = Release|Any CPU
	EndGlobalSection
	GlobalSection(ProjectConfigurationPlatforms) = postSolution
		{BCC4F5B2-150F-423F-AB5B-AE1845A85DFE}.Debug|Any CPU.ActiveCfg = Debug|Any CPU
		{BCC4F5B2-150F-423F-AB5B-AE1845A85DFE}.Debug|Any CPU.Build.0 = Debug|Any CPU
		{BCC4F5B2-150F-423F-AB5B-AE1845A85DFE}.Release|Any CPU.ActiveCfg = Release|Any CPU
		{BCC4F5B2-150F-423F-AB5B-AE1845A85DFE}.Release|Any CPU.Build.0 = Release|Any CPU
		{66396195-3491-4A24-8F95-42B6FB5FA27F}.Debug|Any CPU.ActiveCfg = Debug|Any CPU
		{66396195-3491-4A24-8F95-42B6FB5FA27F}.Debug|Any CPU.Build.0 = Debug|Any CPU
		{66396195-3491-4A24-8F95-42B6FB5FA27F}.Release|Any CPU.ActiveCfg = Release|Any CPU
		{66396195-3491-4A24-8F95-42B6FB5FA27F}.Release|Any CPU.Build.0 = Release|Any CPU
		{70DEB16E-8C27-426A-94DD-209F415C9140}.Debug|Any CPU.ActiveCfg = Debug|Any CPU
		{70DEB16E-8C27-426A-94DD-209F415C9140}.Debug|Any CPU.Build.0 = Debug|Any CPU
		{70DEB16E-8C27-426A-94DD-209F415C9140}.Release|Any CPU.ActiveCfg = Release|Any CPU
		{70DEB16E-8C27-426A-94DD-209F415C9140}.Release|Any CPU.Build.0 = Release|Any CPU
	EndGlobalSection
	GlobalSection(SolutionProperties) = preSolution
		HideSolutionNode = FALSE
	EndGlobalSection
	GlobalSection(ExtensibilityGlobals) = postSolution
		SolutionGuid = {C9FDA7BF-3208-4D64-84B3-B5FB400CBDD0}
	EndGlobalSection
EndGlobal
